
Microsoft Visual Studio Solution File, Format Version 12.00
# Visual Studio 15
VisualStudioVersion = 15.0.27703.2042
MinimumVisualStudioVersion = 10.0.40219.1
Project("{FAE04EC0-301F-11D3-BF4B-00C04F79EFBC}") = "28938232_Assignment", "28938232_Assignment\28938232_Assignment.csproj", "{7B10A731-EC49-49F1-8882-A2AAA71D46BA}"
EndProject
Project("{FAE04EC0-301F-11D3-BF4B-00C04F79EFBC}") = "28938232_Assignment.Tests", "28938232_Assignment.Tests\28938232_Assignment.Tests.csproj", "{5B9EBBF6-CDE8-4484-8F88-9434CA6CF6B8}"
EndProject
Global
	GlobalSection(SolutionConfigurationPlatforms) = preSolution
		Debug|Any CPU = Debug|Any CPU
		Release|Any CPU = Release|Any CPU
	EndGlobalSection
	GlobalSection(ProjectConfigurationPlatforms) = postSolution
		{7B10A731-EC49-49F1-8882-A2AAA71D46BA}.Debug|Any CPU.ActiveCfg = Debug|Any CPU
		{7B10A731-EC49-49F1-8882-A2AAA71D46BA}.Debug|Any CPU.Build.0 = Debug|Any CPU
		{7B10A731-EC49-49F1-8882-A2AAA71D46BA}.Release|Any CPU.ActiveCfg = Release|Any CPU
		{7B10A731-EC49-49F1-8882-A2AAA71D46BA}.Release|Any CPU.Build.0 = Release|Any CPU
		{5B9EBBF6-CDE8-4484-8F88-9434CA6CF6B8}.Debug|Any CPU.ActiveCfg = Debug|Any CPU
		{5B9EBBF6-CDE8-4484-8F88-9434CA6CF6B8}.Debug|Any CPU.Build.0 = Debug|Any CPU
		{5B9EBBF6-CDE8-4484-8F88-9434CA6CF6B8}.Release|Any CPU.ActiveCfg = Release|Any CPU
		{5B9EBBF6-CDE8-4484-8F88-9434CA6CF6B8}.Release|Any CPU.Build.0 = Release|Any CPU
	EndGlobalSection
	GlobalSection(SolutionProperties) = preSolution
		HideSolutionNode = FALSE
	EndGlobalSection
	GlobalSection(ExtensibilityGlobals) = postSolution
		SolutionGuid = {98426450-33B4-4115-982B-AAA37D437ABE}
	EndGlobalSection
EndGlobal
